
Microsoft Visual Studio Solution File, Format Version 12.00
# Visual Studio Version 17
VisualStudioVersion = 17.13.35931.197 d17.13
MinimumVisualStudioVersion = 10.0.40219.1
Project("{FAE04EC0-301F-11D3-BF4B-00C04F79EFBC}") = "Presentation.WebApp", "Presentation.Webbapp\Presentation.WebApp.csproj", "{7BB2A985-7EB6-4052-B9FD-A36C0BE112CE}"
EndProject
Project("{FAE04EC0-301F-11D3-BF4B-00C04F79EFBC}") = "Business", "Business\Business.csproj", "{5F423747-8622-407A-A71F-ACAB9B1F4CAA}"
EndProject
Project("{FAE04EC0-301F-11D3-BF4B-00C04F79EFBC}") = "Data", "Data\Data.csproj", "{DA73D7F6-E601-45DA-AE19-7BF89D1F573C}"
EndProject
Project("{FAE04EC0-301F-11D3-BF4B-00C04F79EFBC}") = "Domain", "Domain\Domain.csproj", "{64F9620D-3235-444C-BDC4-89951DEE357A}"
EndProject
Global
	GlobalSection(SolutionConfigurationPlatforms) = preSolution
		Debug|Any CPU = Debug|Any CPU
		Release|Any CPU = Release|Any CPU
	EndGlobalSection
	GlobalSection(ProjectConfigurationPlatforms) = postSolution
		{7BB2A985-7EB6-4052-B9FD-A36C0BE112CE}.Debug|Any CPU.ActiveCfg = Debug|Any CPU
		{7BB2A985-7EB6-4052-B9FD-A36C0BE112CE}.Debug|Any CPU.Build.0 = Debug|Any CPU
		{7BB2A985-7EB6-4052-B9FD-A36C0BE112CE}.Release|Any CPU.ActiveCfg = Release|Any CPU
		{7BB2A985-7EB6-4052-B9FD-A36C0BE112CE}.Release|Any CPU.Build.0 = Release|Any CPU
		{5F423747-8622-407A-A71F-ACAB9B1F4CAA}.Debug|Any CPU.ActiveCfg = Debug|Any CPU
		{5F423747-8622-407A-A71F-ACAB9B1F4CAA}.Debug|Any CPU.Build.0 = Debug|Any CPU
		{5F423747-8622-407A-A71F-ACAB9B1F4CAA}.Release|Any CPU.ActiveCfg = Release|Any CPU
		{5F423747-8622-407A-A71F-ACAB9B1F4CAA}.Release|Any CPU.Build.0 = Release|Any CPU
		{DA73D7F6-E601-45DA-AE19-7BF89D1F573C}.Debug|Any CPU.ActiveCfg = Debug|Any CPU
		{DA73D7F6-E601-45DA-AE19-7BF89D1F573C}.Debug|Any CPU.Build.0 = Debug|Any CPU
		{DA73D7F6-E601-45DA-AE19-7BF89D1F573C}.Release|Any CPU.ActiveCfg = Release|Any CPU
		{DA73D7F6-E601-45DA-AE19-7BF89D1F573C}.Release|Any CPU.Build.0 = Release|Any CPU
		{64F9620D-3235-444C-BDC4-89951DEE357A}.Debug|Any CPU.ActiveCfg = Debug|Any CPU
		{64F9620D-3235-444C-BDC4-89951DEE357A}.Debug|Any CPU.Build.0 = Debug|Any CPU
		{64F9620D-3235-444C-BDC4-89951DEE357A}.Release|Any CPU.ActiveCfg = Release|Any CPU
		{64F9620D-3235-444C-BDC4-89951DEE357A}.Release|Any CPU.Build.0 = Release|Any CPU
	EndGlobalSection
	GlobalSection(SolutionProperties) = preSolution
		HideSolutionNode = FALSE
	EndGlobalSection
	GlobalSection(ExtensibilityGlobals) = postSolution
		SolutionGuid = {DF689B73-CEE3-4FFA-A913-23FA265B7B39}
	EndGlobalSection
EndGlobal
